
Microsoft Visual Studio Solution File, Format Version 12.00
# Visual Studio Version 16
VisualStudioVersion = 16.0.31205.134
MinimumVisualStudioVersion = 10.0.40219.1
Project("{FAE04EC0-301F-11D3-BF4B-00C04F79EFBC}") = "CarRental.Presentation", "CarRental.Presentation\CarRental.Presentation.csproj", "{CA33EFEF-9929-4C29-9D13-E792232487B9}"
EndProject
Project("{FAE04EC0-301F-11D3-BF4B-00C04F79EFBC}") = "CarRental.BusinessLogic", "CarRental.BusinessLogic\CarRental.BusinessLogic.csproj", "{8B7B1F06-11AE-465A-AF47-8BB7493BD91A}"
EndProject
Project("{FAE04EC0-301F-11D3-BF4B-00C04F79EFBC}") = "CarRental.UnitTests", "CarRental.UnitTests\CarRental.UnitTests.csproj", "{439039AC-8747-4345-9B97-25816A0E9353}"
EndProject
Project("{FAE04EC0-301F-11D3-BF4B-00C04F79EFBC}") = "CarRental.Persistence", "CarRental.Persistence\CarRental.Persistence.csproj", "{4DEE34D4-8BC1-4E38-BAF3-FB5AAEEABDE9}"
EndProject
Global
	GlobalSection(SolutionConfigurationPlatforms) = preSolution
		Debug|Any CPU = Debug|Any CPU
		Release|Any CPU = Release|Any CPU
	EndGlobalSection
	GlobalSection(ProjectConfigurationPlatforms) = postSolution
		{CA33EFEF-9929-4C29-9D13-E792232487B9}.Debug|Any CPU.ActiveCfg = Debug|Any CPU
		{CA33EFEF-9929-4C29-9D13-E792232487B9}.Debug|Any CPU.Build.0 = Debug|Any CPU
		{CA33EFEF-9929-4C29-9D13-E792232487B9}.Release|Any CPU.ActiveCfg = Release|Any CPU
		{CA33EFEF-9929-4C29-9D13-E792232487B9}.Release|Any CPU.Build.0 = Release|Any CPU
		{8B7B1F06-11AE-465A-AF47-8BB7493BD91A}.Debug|Any CPU.ActiveCfg = Debug|Any CPU
		{8B7B1F06-11AE-465A-AF47-8BB7493BD91A}.Debug|Any CPU.Build.0 = Debug|Any CPU
		{8B7B1F06-11AE-465A-AF47-8BB7493BD91A}.Release|Any CPU.ActiveCfg = Release|Any CPU
		{8B7B1F06-11AE-465A-AF47-8BB7493BD91A}.Release|Any CPU.Build.0 = Release|Any CPU
		{439039AC-8747-4345-9B97-25816A0E9353}.Debug|Any CPU.ActiveCfg = Debug|Any CPU
		{439039AC-8747-4345-9B97-25816A0E9353}.Debug|Any CPU.Build.0 = Debug|Any CPU
		{439039AC-8747-4345-9B97-25816A0E9353}.Release|Any CPU.ActiveCfg = Release|Any CPU
		{439039AC-8747-4345-9B97-25816A0E9353}.Release|Any CPU.Build.0 = Release|Any CPU
		{4DEE34D4-8BC1-4E38-BAF3-FB5AAEEABDE9}.Debug|Any CPU.ActiveCfg = Debug|Any CPU
		{4DEE34D4-8BC1-4E38-BAF3-FB5AAEEABDE9}.Debug|Any CPU.Build.0 = Debug|Any CPU
		{4DEE34D4-8BC1-4E38-BAF3-FB5AAEEABDE9}.Release|Any CPU.ActiveCfg = Release|Any CPU
		{4DEE34D4-8BC1-4E38-BAF3-FB5AAEEABDE9}.Release|Any CPU.Build.0 = Release|Any CPU
	EndGlobalSection
	GlobalSection(SolutionProperties) = preSolution
		HideSolutionNode = FALSE
	EndGlobalSection
	GlobalSection(ExtensibilityGlobals) = postSolution
		SolutionGuid = {B2DD9E5D-5D58-44F3-BFBD-A13F385D05CB}
	EndGlobalSection
EndGlobal
